
Microsoft Visual Studio Solution File, Format Version 12.00
# Visual Studio Version 17
VisualStudioVersion = 17.1.32328.378
MinimumVisualStudioVersion = 10.0.40219.1
Project("{2150E333-8FDC-42A3-9474-1A3956D46DE8}") = "Domain", "Domain", "{DA7096ED-DC1C-4FD9-A873-39C7119E8BC0}"
EndProject
Project("{2150E333-8FDC-42A3-9474-1A3956D46DE8}") = "Infrastructure", "Infrastructure", "{0F56A811-A9C9-47C3-B336-620ED7B65C60}"
EndProject
Project("{2150E333-8FDC-42A3-9474-1A3956D46DE8}") = "Web", "Web", "{F5590D68-A82C-490F-974E-C484B25B5FDE}"
EndProject
Project("{9A19103F-16F7-4668-BE54-9A1E7A4F7556}") = "APSS.Domain.Entities", "APSS.Domain.Entities\APSS.Domain.Entities.csproj", "{41D29AF2-01FB-42A1-A30D-1C6CADDBE682}"
EndProject
Project("{9A19103F-16F7-4668-BE54-9A1E7A4F7556}") = "APSS.Domain.Repositories", "APSS.Domain.Repositories\APSS.Domain.Repositories.csproj", "{5F5EC808-B33E-4B3C-AC1F-8449EAD41F57}"
EndProject
Project("{9A19103F-16F7-4668-BE54-9A1E7A4F7556}") = "APSS.Domain.Services", "APSS.Domain.Services\APSS.Domain.Services.csproj", "{8DDCEA99-5161-4DFA-9BB4-CD9D8E0A5BD3}"
EndProject
Project("{9A19103F-16F7-4668-BE54-9A1E7A4F7556}") = "APSS.Domain.Entities.Validators", "APSS.Domain.Entites.Validators\APSS.Domain.Entities.Validators.csproj", "{122708A7-FD7D-4716-8B6D-40E5B611DAEF}"
EndProject
Project("{9A19103F-16F7-4668-BE54-9A1E7A4F7556}") = "APSS.Infrastructure.Repositores.EntityFramework", "APSS.Infrastructure.Repositores.EntityFramework\APSS.Infrastructure.Repositores.EntityFramework.csproj", "{75A11CCD-69A1-48BC-92FC-B2202892BDD3}"
EndProject
Project("{9A19103F-16F7-4668-BE54-9A1E7A4F7556}") = "APSS.Infrastructure.Services", "APSS.Infrastructure.Services\APSS.Infrastructure.Services.csproj", "{9D513705-CE0B-4C1D-9028-4972E5507D63}"
EndProject
Project("{2150E333-8FDC-42A3-9474-1A3956D46DE8}") = "Tests", "Tests", "{B0F48D16-9FF4-4879-B1DE-83ACE7876F8A}"
EndProject
Project("{9A19103F-16F7-4668-BE54-9A1E7A4F7556}") = "APSS.Tests.Domain.Entities.Validators", "APSS.Domain.Entities.Validators.Test\APSS.Tests.Domain.Entities.Validators.csproj", "{C4F412A3-0027-491F-93B8-E5D63A4B6949}"
EndProject
Project("{9A19103F-16F7-4668-BE54-9A1E7A4F7556}") = "APSS.Tests.Utils", "APSS.Tests.Utils\APSS.Tests.Utils.csproj", "{78EF35B8-9E6B-4CA7-804A-5456A15D951E}"
EndProject
Project("{9A19103F-16F7-4668-BE54-9A1E7A4F7556}") = "APSS.Tests.Util.Tests", "APSS.Tests.Util.Tests\APSS.Tests.Util.Tests.csproj", "{7D34139E-ACFE-4282-A38C-19D196AB97D4}"
EndProject
Project("{9A19103F-16F7-4668-BE54-9A1E7A4F7556}") = "APSS.Web.Mvc", "APSS.Web.Mvc\APSS.Web.Mvc.csproj", "{23DE8BE7-B0B3-4E1A-AC25-B441ACF259A4}"
EndProject
Project("{2150E333-8FDC-42A3-9474-1A3956D46DE8}") = "Application", "Application", "{5DEC40C0-A942-48E5-8CCD-E9EE941AA674}"
EndProject
Project("{9A19103F-16F7-4668-BE54-9A1E7A4F7556}") = "APSS.Tests.Infrastructure.Repositories.EntityFramework", "APSS.Tests.Infrastructure.Repositories.EntityFramework\APSS.Tests.Infrastructure.Repositories.EntityFramework.csproj", "{D0754C6B-314B-4B19-B378-0DBCD5870C23}"
EndProject
Project("{9A19103F-16F7-4668-BE54-9A1E7A4F7556}") = "APSS.Domain.ValueTypes", "APSS.Domain.ValueTypes\APSS.Domain.ValueTypes.csproj", "{B580AB13-6A6A-43D1-A223-9FAF99C06AF6}"
EndProject
Project("{9A19103F-16F7-4668-BE54-9A1E7A4F7556}") = "APSS.Tests.Application.App", "APSS.Tests.Application.App\APSS.Tests.Application.App.csproj", "{86AF3420-DDB0-4904-8258-425CECC6DAFA}"
EndProject
Project("{9A19103F-16F7-4668-BE54-9A1E7A4F7556}") = "APSS.Application.App", "APSS.App.Application\APSS.Application.App.csproj", "{ECE9EE31-1303-46AD-881C-8A1AA0BE6F8C}"
EndProject
Project("{FAE04EC0-301F-11D3-BF4B-00C04F79EFBC}") = "APSS.Domain.Repositories.Extensions", "APSS.Domain.Repositories.Extensions\APSS.Domain.Repositories.Extensions.csproj", "{E8073089-03C8-434F-A60B-6B195EC8F3AB}"
EndProject
Global
	GlobalSection(SolutionConfigurationPlatforms) = preSolution
		Debug|Any CPU = Debug|Any CPU
		Release|Any CPU = Release|Any CPU
	EndGlobalSection
	GlobalSection(ProjectConfigurationPlatforms) = postSolution
		{41D29AF2-01FB-42A1-A30D-1C6CADDBE682}.Debug|Any CPU.ActiveCfg = Debug|Any CPU
		{41D29AF2-01FB-42A1-A30D-1C6CADDBE682}.Debug|Any CPU.Build.0 = Debug|Any CPU
		{41D29AF2-01FB-42A1-A30D-1C6CADDBE682}.Release|Any CPU.ActiveCfg = Release|Any CPU
		{41D29AF2-01FB-42A1-A30D-1C6CADDBE682}.Release|Any CPU.Build.0 = Release|Any CPU
		{5F5EC808-B33E-4B3C-AC1F-8449EAD41F57}.Debug|Any CPU.ActiveCfg = Debug|Any CPU
		{5F5EC808-B33E-4B3C-AC1F-8449EAD41F57}.Debug|Any CPU.Build.0 = Debug|Any CPU
		{5F5EC808-B33E-4B3C-AC1F-8449EAD41F57}.Release|Any CPU.ActiveCfg = Release|Any CPU
		{5F5EC808-B33E-4B3C-AC1F-8449EAD41F57}.Release|Any CPU.Build.0 = Release|Any CPU
		{8DDCEA99-5161-4DFA-9BB4-CD9D8E0A5BD3}.Debug|Any CPU.ActiveCfg = Debug|Any CPU
		{8DDCEA99-5161-4DFA-9BB4-CD9D8E0A5BD3}.Debug|Any CPU.Build.0 = Debug|Any CPU
		{8DDCEA99-5161-4DFA-9BB4-CD9D8E0A5BD3}.Release|Any CPU.ActiveCfg = Release|Any CPU
		{8DDCEA99-5161-4DFA-9BB4-CD9D8E0A5BD3}.Release|Any CPU.Build.0 = Release|Any CPU
		{122708A7-FD7D-4716-8B6D-40E5B611DAEF}.Debug|Any CPU.ActiveCfg = Debug|Any CPU
		{122708A7-FD7D-4716-8B6D-40E5B611DAEF}.Debug|Any CPU.Build.0 = Debug|Any CPU
		{122708A7-FD7D-4716-8B6D-40E5B611DAEF}.Release|Any CPU.ActiveCfg = Release|Any CPU
		{122708A7-FD7D-4716-8B6D-40E5B611DAEF}.Release|Any CPU.Build.0 = Release|Any CPU
		{75A11CCD-69A1-48BC-92FC-B2202892BDD3}.Debug|Any CPU.ActiveCfg = Debug|Any CPU
		{75A11CCD-69A1-48BC-92FC-B2202892BDD3}.Debug|Any CPU.Build.0 = Debug|Any CPU
		{75A11CCD-69A1-48BC-92FC-B2202892BDD3}.Release|Any CPU.ActiveCfg = Release|Any CPU
		{75A11CCD-69A1-48BC-92FC-B2202892BDD3}.Release|Any CPU.Build.0 = Release|Any CPU
		{9D513705-CE0B-4C1D-9028-4972E5507D63}.Debug|Any CPU.ActiveCfg = Debug|Any CPU
		{9D513705-CE0B-4C1D-9028-4972E5507D63}.Debug|Any CPU.Build.0 = Debug|Any CPU
		{9D513705-CE0B-4C1D-9028-4972E5507D63}.Release|Any CPU.ActiveCfg = Release|Any CPU
		{9D513705-CE0B-4C1D-9028-4972E5507D63}.Release|Any CPU.Build.0 = Release|Any CPU
		{C4F412A3-0027-491F-93B8-E5D63A4B6949}.Debug|Any CPU.ActiveCfg = Debug|Any CPU
		{C4F412A3-0027-491F-93B8-E5D63A4B6949}.Debug|Any CPU.Build.0 = Debug|Any CPU
		{C4F412A3-0027-491F-93B8-E5D63A4B6949}.Release|Any CPU.ActiveCfg = Release|Any CPU
		{C4F412A3-0027-491F-93B8-E5D63A4B6949}.Release|Any CPU.Build.0 = Release|Any CPU
		{78EF35B8-9E6B-4CA7-804A-5456A15D951E}.Debug|Any CPU.ActiveCfg = Debug|Any CPU
		{78EF35B8-9E6B-4CA7-804A-5456A15D951E}.Debug|Any CPU.Build.0 = Debug|Any CPU
		{78EF35B8-9E6B-4CA7-804A-5456A15D951E}.Release|Any CPU.ActiveCfg = Release|Any CPU
		{78EF35B8-9E6B-4CA7-804A-5456A15D951E}.Release|Any CPU.Build.0 = Release|Any CPU
		{7D34139E-ACFE-4282-A38C-19D196AB97D4}.Debug|Any CPU.ActiveCfg = Debug|Any CPU
		{7D34139E-ACFE-4282-A38C-19D196AB97D4}.Debug|Any CPU.Build.0 = Debug|Any CPU
		{7D34139E-ACFE-4282-A38C-19D196AB97D4}.Release|Any CPU.ActiveCfg = Release|Any CPU
		{7D34139E-ACFE-4282-A38C-19D196AB97D4}.Release|Any CPU.Build.0 = Release|Any CPU
		{23DE8BE7-B0B3-4E1A-AC25-B441ACF259A4}.Debug|Any CPU.ActiveCfg = Debug|Any CPU
		{23DE8BE7-B0B3-4E1A-AC25-B441ACF259A4}.Debug|Any CPU.Build.0 = Debug|Any CPU
		{23DE8BE7-B0B3-4E1A-AC25-B441ACF259A4}.Release|Any CPU.ActiveCfg = Release|Any CPU
		{23DE8BE7-B0B3-4E1A-AC25-B441ACF259A4}.Release|Any CPU.Build.0 = Release|Any CPU
		{D0754C6B-314B-4B19-B378-0DBCD5870C23}.Debug|Any CPU.ActiveCfg = Debug|Any CPU
		{D0754C6B-314B-4B19-B378-0DBCD5870C23}.Debug|Any CPU.Build.0 = Debug|Any CPU
		{D0754C6B-314B-4B19-B378-0DBCD5870C23}.Release|Any CPU.ActiveCfg = Release|Any CPU
		{D0754C6B-314B-4B19-B378-0DBCD5870C23}.Release|Any CPU.Build.0 = Release|Any CPU
		{B580AB13-6A6A-43D1-A223-9FAF99C06AF6}.Debug|Any CPU.ActiveCfg = Debug|Any CPU
		{B580AB13-6A6A-43D1-A223-9FAF99C06AF6}.Debug|Any CPU.Build.0 = Debug|Any CPU
		{B580AB13-6A6A-43D1-A223-9FAF99C06AF6}.Release|Any CPU.ActiveCfg = Release|Any CPU
		{B580AB13-6A6A-43D1-A223-9FAF99C06AF6}.Release|Any CPU.Build.0 = Release|Any CPU
		{86AF3420-DDB0-4904-8258-425CECC6DAFA}.Debug|Any CPU.ActiveCfg = Debug|Any CPU
		{86AF3420-DDB0-4904-8258-425CECC6DAFA}.Debug|Any CPU.Build.0 = Debug|Any CPU
		{86AF3420-DDB0-4904-8258-425CECC6DAFA}.Release|Any CPU.ActiveCfg = Release|Any CPU
		{86AF3420-DDB0-4904-8258-425CECC6DAFA}.Release|Any CPU.Build.0 = Release|Any CPU
		{ECE9EE31-1303-46AD-881C-8A1AA0BE6F8C}.Debug|Any CPU.ActiveCfg = Debug|Any CPU
		{ECE9EE31-1303-46AD-881C-8A1AA0BE6F8C}.Debug|Any CPU.Build.0 = Debug|Any CPU
		{ECE9EE31-1303-46AD-881C-8A1AA0BE6F8C}.Release|Any CPU.ActiveCfg = Release|Any CPU
		{ECE9EE31-1303-46AD-881C-8A1AA0BE6F8C}.Release|Any CPU.Build.0 = Release|Any CPU
		{E8073089-03C8-434F-A60B-6B195EC8F3AB}.Debug|Any CPU.ActiveCfg = Debug|Any CPU
		{E8073089-03C8-434F-A60B-6B195EC8F3AB}.Debug|Any CPU.Build.0 = Debug|Any CPU
		{E8073089-03C8-434F-A60B-6B195EC8F3AB}.Release|Any CPU.ActiveCfg = Release|Any CPU
		{E8073089-03C8-434F-A60B-6B195EC8F3AB}.Release|Any CPU.Build.0 = Release|Any CPU
	EndGlobalSection
	GlobalSection(SolutionProperties) = preSolution
		HideSolutionNode = FALSE
	EndGlobalSection
	GlobalSection(NestedProjects) = preSolution
		{41D29AF2-01FB-42A1-A30D-1C6CADDBE682} = {DA7096ED-DC1C-4FD9-A873-39C7119E8BC0}
		{5F5EC808-B33E-4B3C-AC1F-8449EAD41F57} = {DA7096ED-DC1C-4FD9-A873-39C7119E8BC0}
		{8DDCEA99-5161-4DFA-9BB4-CD9D8E0A5BD3} = {DA7096ED-DC1C-4FD9-A873-39C7119E8BC0}
		{122708A7-FD7D-4716-8B6D-40E5B611DAEF} = {DA7096ED-DC1C-4FD9-A873-39C7119E8BC0}
		{75A11CCD-69A1-48BC-92FC-B2202892BDD3} = {0F56A811-A9C9-47C3-B336-620ED7B65C60}
		{9D513705-CE0B-4C1D-9028-4972E5507D63} = {0F56A811-A9C9-47C3-B336-620ED7B65C60}
		{C4F412A3-0027-491F-93B8-E5D63A4B6949} = {B0F48D16-9FF4-4879-B1DE-83ACE7876F8A}
		{78EF35B8-9E6B-4CA7-804A-5456A15D951E} = {B0F48D16-9FF4-4879-B1DE-83ACE7876F8A}
		{7D34139E-ACFE-4282-A38C-19D196AB97D4} = {B0F48D16-9FF4-4879-B1DE-83ACE7876F8A}
		{23DE8BE7-B0B3-4E1A-AC25-B441ACF259A4} = {F5590D68-A82C-490F-974E-C484B25B5FDE}
		{D0754C6B-314B-4B19-B378-0DBCD5870C23} = {B0F48D16-9FF4-4879-B1DE-83ACE7876F8A}
		{B580AB13-6A6A-43D1-A223-9FAF99C06AF6} = {DA7096ED-DC1C-4FD9-A873-39C7119E8BC0}
		{86AF3420-DDB0-4904-8258-425CECC6DAFA} = {B0F48D16-9FF4-4879-B1DE-83ACE7876F8A}
		{ECE9EE31-1303-46AD-881C-8A1AA0BE6F8C} = {5DEC40C0-A942-48E5-8CCD-E9EE941AA674}
		{E8073089-03C8-434F-A60B-6B195EC8F3AB} = {DA7096ED-DC1C-4FD9-A873-39C7119E8BC0}
	EndGlobalSection
	GlobalSection(ExtensibilityGlobals) = postSolution
		SolutionGuid = {B2B0F7A8-9934-4C8D-B364-40D94C5AAB64}
	EndGlobalSection
EndGlobal
